
Microsoft Visual Studio Solution File, Format Version 12.00
# Visual Studio 2012
Project("{FAE04EC0-301F-11D3-BF4B-00C04F79EFBC}") = "Itexico.TicTacToe.Core", "Itexico.TicTacToe.Core\Itexico.TicTacToe.Core.csproj", "{A4F3E0D3-C995-4487-B296-5B65E5A55315}"
EndProject
Project("{FAE04EC0-301F-11D3-BF4B-00C04F79EFBC}") = "Itexico.TicTacToe.Iphone", "Itexico.TicTacToe.Iphone\Itexico.TicTacToe.Iphone.csproj", "{9E9EFFAF-0EBA-4A42-AD37-FFB0DF82A0DF}"
EndProject
Project("{FAE04EC0-301F-11D3-BF4B-00C04F79EFBC}") = "Itexico.TicTacToe.MacOS", "Itexico.TicTacToe.MacOS\Itexico.TicTacToe.MacOS.csproj", "{39098A7B-8CE3-4D27-928F-684449ADBF21}"
EndProject
Project("{FAE04EC0-301F-11D3-BF4B-00C04F79EFBC}") = "Itexico.TicTacToe.AndroidOS", "Itexico.TicTacToe.AndroidOS\Itexico.TicTacToe.AndroidOS.csproj", "{63CCBC96-F9EB-43EC-86FE-B43DD06AC955}"
EndProject
Global
	GlobalSection(SolutionConfigurationPlatforms) = preSolution
		Ad-Hoc|Any CPU = Ad-Hoc|Any CPU
		Ad-Hoc|iPhone = Ad-Hoc|iPhone
		Ad-Hoc|iPhoneSimulator = Ad-Hoc|iPhoneSimulator
		Ad-Hoc|Mixed Platforms = Ad-Hoc|Mixed Platforms
		AppStore|Any CPU = AppStore|Any CPU
		AppStore|iPhone = AppStore|iPhone
		AppStore|iPhoneSimulator = AppStore|iPhoneSimulator
		AppStore|Mixed Platforms = AppStore|Mixed Platforms
		Debug|Any CPU = Debug|Any CPU
		Debug|iPhone = Debug|iPhone
		Debug|iPhoneSimulator = Debug|iPhoneSimulator
		Debug|Mixed Platforms = Debug|Mixed Platforms
		Release|Any CPU = Release|Any CPU
		Release|iPhone = Release|iPhone
		Release|iPhoneSimulator = Release|iPhoneSimulator
		Release|Mixed Platforms = Release|Mixed Platforms
	EndGlobalSection
	GlobalSection(ProjectConfigurationPlatforms) = postSolution
		{39098A7B-8CE3-4D27-928F-684449ADBF21}.Ad-Hoc|Any CPU.ActiveCfg = AppStore|Any CPU
		{39098A7B-8CE3-4D27-928F-684449ADBF21}.Ad-Hoc|iPhone.ActiveCfg = Release|Any CPU
		{39098A7B-8CE3-4D27-928F-684449ADBF21}.Ad-Hoc|iPhone.Build.0 = Release|Any CPU
		{39098A7B-8CE3-4D27-928F-684449ADBF21}.Ad-Hoc|iPhoneSimulator.ActiveCfg = AppStore|Any CPU
		{39098A7B-8CE3-4D27-928F-684449ADBF21}.Ad-Hoc|Mixed Platforms.ActiveCfg = AppStore|Any CPU
		{39098A7B-8CE3-4D27-928F-684449ADBF21}.AppStore|Any CPU.ActiveCfg = AppStore|Any CPU
		{39098A7B-8CE3-4D27-928F-684449ADBF21}.AppStore|iPhone.ActiveCfg = AppStore|Any CPU
		{39098A7B-8CE3-4D27-928F-684449ADBF21}.AppStore|iPhone.Build.0 = AppStore|Any CPU
		{39098A7B-8CE3-4D27-928F-684449ADBF21}.AppStore|iPhoneSimulator.ActiveCfg = AppStore|Any CPU
		{39098A7B-8CE3-4D27-928F-684449ADBF21}.AppStore|Mixed Platforms.ActiveCfg = AppStore|Any CPU
		{39098A7B-8CE3-4D27-928F-684449ADBF21}.Debug|Any CPU.ActiveCfg = Debug|Any CPU
		{39098A7B-8CE3-4D27-928F-684449ADBF21}.Debug|iPhone.ActiveCfg = Debug|Any CPU
		{39098A7B-8CE3-4D27-928F-684449ADBF21}.Debug|iPhone.Build.0 = Debug|Any CPU
		{39098A7B-8CE3-4D27-928F-684449ADBF21}.Debug|iPhoneSimulator.ActiveCfg = Debug|Any CPU
		{39098A7B-8CE3-4D27-928F-684449ADBF21}.Debug|iPhoneSimulator.Build.0 = Debug|Any CPU
		{39098A7B-8CE3-4D27-928F-684449ADBF21}.Debug|Mixed Platforms.ActiveCfg = Debug|Any CPU
		{39098A7B-8CE3-4D27-928F-684449ADBF21}.Release|Any CPU.ActiveCfg = Release|Any CPU
		{39098A7B-8CE3-4D27-928F-684449ADBF21}.Release|iPhone.ActiveCfg = Release|Any CPU
		{39098A7B-8CE3-4D27-928F-684449ADBF21}.Release|iPhone.Build.0 = Release|Any CPU
		{39098A7B-8CE3-4D27-928F-684449ADBF21}.Release|iPhoneSimulator.ActiveCfg = Release|Any CPU
		{39098A7B-8CE3-4D27-928F-684449ADBF21}.Release|iPhoneSimulator.Build.0 = Release|Any CPU
		{39098A7B-8CE3-4D27-928F-684449ADBF21}.Release|Mixed Platforms.ActiveCfg = Release|Any CPU
		{63CCBC96-F9EB-43EC-86FE-B43DD06AC955}.Ad-Hoc|Any CPU.ActiveCfg = Release|Any CPU
		{63CCBC96-F9EB-43EC-86FE-B43DD06AC955}.Ad-Hoc|Any CPU.Build.0 = Release|Any CPU
		{63CCBC96-F9EB-43EC-86FE-B43DD06AC955}.Ad-Hoc|Any CPU.Deploy.0 = Release|Any CPU
		{63CCBC96-F9EB-43EC-86FE-B43DD06AC955}.Ad-Hoc|iPhone.ActiveCfg = Release|Any CPU
		{63CCBC96-F9EB-43EC-86FE-B43DD06AC955}.Ad-Hoc|iPhoneSimulator.ActiveCfg = Release|Any CPU
		{63CCBC96-F9EB-43EC-86FE-B43DD06AC955}.Ad-Hoc|Mixed Platforms.ActiveCfg = Release|Any CPU
		{63CCBC96-F9EB-43EC-86FE-B43DD06AC955}.Ad-Hoc|Mixed Platforms.Build.0 = Release|Any CPU
		{63CCBC96-F9EB-43EC-86FE-B43DD06AC955}.Ad-Hoc|Mixed Platforms.Deploy.0 = Release|Any CPU
		{63CCBC96-F9EB-43EC-86FE-B43DD06AC955}.AppStore|Any CPU.ActiveCfg = Release|Any CPU
		{63CCBC96-F9EB-43EC-86FE-B43DD06AC955}.AppStore|Any CPU.Build.0 = Release|Any CPU
		{63CCBC96-F9EB-43EC-86FE-B43DD06AC955}.AppStore|Any CPU.Deploy.0 = Release|Any CPU
		{63CCBC96-F9EB-43EC-86FE-B43DD06AC955}.AppStore|iPhone.ActiveCfg = Release|Any CPU
		{63CCBC96-F9EB-43EC-86FE-B43DD06AC955}.AppStore|iPhoneSimulator.ActiveCfg = Release|Any CPU
		{63CCBC96-F9EB-43EC-86FE-B43DD06AC955}.AppStore|Mixed Platforms.ActiveCfg = Release|Any CPU
		{63CCBC96-F9EB-43EC-86FE-B43DD06AC955}.AppStore|Mixed Platforms.Build.0 = Release|Any CPU
		{63CCBC96-F9EB-43EC-86FE-B43DD06AC955}.AppStore|Mixed Platforms.Deploy.0 = Release|Any CPU
		{63CCBC96-F9EB-43EC-86FE-B43DD06AC955}.Debug|Any CPU.ActiveCfg = Debug|Any CPU
		{63CCBC96-F9EB-43EC-86FE-B43DD06AC955}.Debug|Any CPU.Build.0 = Debug|Any CPU
		{63CCBC96-F9EB-43EC-86FE-B43DD06AC955}.Debug|Any CPU.Deploy.0 = Debug|Any CPU
		{63CCBC96-F9EB-43EC-86FE-B43DD06AC955}.Debug|iPhone.ActiveCfg = Debug|Any CPU
		{63CCBC96-F9EB-43EC-86FE-B43DD06AC955}.Debug|iPhoneSimulator.ActiveCfg = Debug|Any CPU
		{63CCBC96-F9EB-43EC-86FE-B43DD06AC955}.Debug|Mixed Platforms.ActiveCfg = Debug|Any CPU
		{63CCBC96-F9EB-43EC-86FE-B43DD06AC955}.Debug|Mixed Platforms.Build.0 = Debug|Any CPU
		{63CCBC96-F9EB-43EC-86FE-B43DD06AC955}.Debug|Mixed Platforms.Deploy.0 = Debug|Any CPU
		{63CCBC96-F9EB-43EC-86FE-B43DD06AC955}.Release|Any CPU.ActiveCfg = Release|Any CPU
		{63CCBC96-F9EB-43EC-86FE-B43DD06AC955}.Release|Any CPU.Build.0 = Release|Any CPU
		{63CCBC96-F9EB-43EC-86FE-B43DD06AC955}.Release|Any CPU.Deploy.0 = Release|Any CPU
		{63CCBC96-F9EB-43EC-86FE-B43DD06AC955}.Release|iPhone.ActiveCfg = Release|Any CPU
		{63CCBC96-F9EB-43EC-86FE-B43DD06AC955}.Release|iPhoneSimulator.ActiveCfg = Release|Any CPU
		{63CCBC96-F9EB-43EC-86FE-B43DD06AC955}.Release|Mixed Platforms.ActiveCfg = Release|Any CPU
		{63CCBC96-F9EB-43EC-86FE-B43DD06AC955}.Release|Mixed Platforms.Build.0 = Release|Any CPU
		{63CCBC96-F9EB-43EC-86FE-B43DD06AC955}.Release|Mixed Platforms.Deploy.0 = Release|Any CPU
		{9E9EFFAF-0EBA-4A42-AD37-FFB0DF82A0DF}.Ad-Hoc|Any CPU.ActiveCfg = Ad-Hoc|iPhoneSimulator
		{9E9EFFAF-0EBA-4A42-AD37-FFB0DF82A0DF}.Ad-Hoc|iPhone.ActiveCfg = Ad-Hoc|iPhone
		{9E9EFFAF-0EBA-4A42-AD37-FFB0DF82A0DF}.Ad-Hoc|iPhone.Build.0 = Ad-Hoc|iPhone
		{9E9EFFAF-0EBA-4A42-AD37-FFB0DF82A0DF}.Ad-Hoc|iPhoneSimulator.ActiveCfg = Ad-Hoc|iPhoneSimulator
		{9E9EFFAF-0EBA-4A42-AD37-FFB0DF82A0DF}.Ad-Hoc|iPhoneSimulator.Build.0 = Ad-Hoc|iPhoneSimulator
		{9E9EFFAF-0EBA-4A42-AD37-FFB0DF82A0DF}.Ad-Hoc|Mixed Platforms.ActiveCfg = Ad-Hoc|iPhoneSimulator
		{9E9EFFAF-0EBA-4A42-AD37-FFB0DF82A0DF}.Ad-Hoc|Mixed Platforms.Build.0 = Ad-Hoc|iPhoneSimulator
		{9E9EFFAF-0EBA-4A42-AD37-FFB0DF82A0DF}.AppStore|Any CPU.ActiveCfg = AppStore|iPhoneSimulator
		{9E9EFFAF-0EBA-4A42-AD37-FFB0DF82A0DF}.AppStore|iPhone.ActiveCfg = AppStore|iPhone
		{9E9EFFAF-0EBA-4A42-AD37-FFB0DF82A0DF}.AppStore|iPhone.Build.0 = AppStore|iPhone
		{9E9EFFAF-0EBA-4A42-AD37-FFB0DF82A0DF}.AppStore|iPhoneSimulator.ActiveCfg = AppStore|iPhoneSimulator
		{9E9EFFAF-0EBA-4A42-AD37-FFB0DF82A0DF}.AppStore|iPhoneSimulator.Build.0 = AppStore|iPhoneSimulator
		{9E9EFFAF-0EBA-4A42-AD37-FFB0DF82A0DF}.AppStore|Mixed Platforms.ActiveCfg = AppStore|iPhoneSimulator
		{9E9EFFAF-0EBA-4A42-AD37-FFB0DF82A0DF}.AppStore|Mixed Platforms.Build.0 = AppStore|iPhoneSimulator
		{9E9EFFAF-0EBA-4A42-AD37-FFB0DF82A0DF}.Debug|Any CPU.ActiveCfg = Debug|iPhoneSimulator
		{9E9EFFAF-0EBA-4A42-AD37-FFB0DF82A0DF}.Debug|iPhone.ActiveCfg = Debug|iPhone
		{9E9EFFAF-0EBA-4A42-AD37-FFB0DF82A0DF}.Debug|iPhone.Build.0 = Debug|iPhone
		{9E9EFFAF-0EBA-4A42-AD37-FFB0DF82A0DF}.Debug|iPhoneSimulator.ActiveCfg = Debug|iPhoneSimulator
		{9E9EFFAF-0EBA-4A42-AD37-FFB0DF82A0DF}.Debug|iPhoneSimulator.Build.0 = Debug|iPhoneSimulator
		{9E9EFFAF-0EBA-4A42-AD37-FFB0DF82A0DF}.Debug|Mixed Platforms.ActiveCfg = Debug|iPhoneSimulator
		{9E9EFFAF-0EBA-4A42-AD37-FFB0DF82A0DF}.Debug|Mixed Platforms.Build.0 = Debug|iPhoneSimulator
		{9E9EFFAF-0EBA-4A42-AD37-FFB0DF82A0DF}.Release|Any CPU.ActiveCfg = Release|iPhoneSimulator
		{9E9EFFAF-0EBA-4A42-AD37-FFB0DF82A0DF}.Release|iPhone.ActiveCfg = Release|iPhone
		{9E9EFFAF-0EBA-4A42-AD37-FFB0DF82A0DF}.Release|iPhone.Build.0 = Release|iPhone
		{9E9EFFAF-0EBA-4A42-AD37-FFB0DF82A0DF}.Release|iPhoneSimulator.ActiveCfg = Release|iPhoneSimulator
		{9E9EFFAF-0EBA-4A42-AD37-FFB0DF82A0DF}.Release|iPhoneSimulator.Build.0 = Release|iPhoneSimulator
		{9E9EFFAF-0EBA-4A42-AD37-FFB0DF82A0DF}.Release|Mixed Platforms.ActiveCfg = Release|iPhoneSimulator
		{9E9EFFAF-0EBA-4A42-AD37-FFB0DF82A0DF}.Release|Mixed Platforms.Build.0 = Release|iPhoneSimulator
		{A4F3E0D3-C995-4487-B296-5B65E5A55315}.Ad-Hoc|Any CPU.ActiveCfg = Debug|Any CPU
		{A4F3E0D3-C995-4487-B296-5B65E5A55315}.Ad-Hoc|Any CPU.Build.0 = Debug|Any CPU
		{A4F3E0D3-C995-4487-B296-5B65E5A55315}.Ad-Hoc|iPhone.ActiveCfg = Release|Any CPU
		{A4F3E0D3-C995-4487-B296-5B65E5A55315}.Ad-Hoc|iPhone.Build.0 = Release|Any CPU
		{A4F3E0D3-C995-4487-B296-5B65E5A55315}.Ad-Hoc|iPhoneSimulator.ActiveCfg = Debug|Any CPU
		{A4F3E0D3-C995-4487-B296-5B65E5A55315}.Ad-Hoc|Mixed Platforms.ActiveCfg = Debug|Any CPU
		{A4F3E0D3-C995-4487-B296-5B65E5A55315}.Ad-Hoc|Mixed Platforms.Build.0 = Debug|Any CPU
		{A4F3E0D3-C995-4487-B296-5B65E5A55315}.AppStore|Any CPU.ActiveCfg = Debug|Any CPU
		{A4F3E0D3-C995-4487-B296-5B65E5A55315}.AppStore|Any CPU.Build.0 = Debug|Any CPU
		{A4F3E0D3-C995-4487-B296-5B65E5A55315}.AppStore|iPhone.ActiveCfg = Release|Any CPU
		{A4F3E0D3-C995-4487-B296-5B65E5A55315}.AppStore|iPhone.Build.0 = Release|Any CPU
		{A4F3E0D3-C995-4487-B296-5B65E5A55315}.AppStore|iPhoneSimulator.ActiveCfg = Debug|Any CPU
		{A4F3E0D3-C995-4487-B296-5B65E5A55315}.AppStore|Mixed Platforms.ActiveCfg = Debug|Any CPU
		{A4F3E0D3-C995-4487-B296-5B65E5A55315}.AppStore|Mixed Platforms.Build.0 = Debug|Any CPU
		{A4F3E0D3-C995-4487-B296-5B65E5A55315}.Debug|Any CPU.ActiveCfg = Debug|Any CPU
		{A4F3E0D3-C995-4487-B296-5B65E5A55315}.Debug|Any CPU.Build.0 = Debug|Any CPU
		{A4F3E0D3-C995-4487-B296-5B65E5A55315}.Debug|iPhone.ActiveCfg = Debug|Any CPU
		{A4F3E0D3-C995-4487-B296-5B65E5A55315}.Debug|iPhone.Build.0 = Debug|Any CPU
		{A4F3E0D3-C995-4487-B296-5B65E5A55315}.Debug|iPhoneSimulator.ActiveCfg = Debug|Any CPU
		{A4F3E0D3-C995-4487-B296-5B65E5A55315}.Debug|iPhoneSimulator.Build.0 = Debug|Any CPU
		{A4F3E0D3-C995-4487-B296-5B65E5A55315}.Debug|Mixed Platforms.ActiveCfg = Debug|Any CPU
		{A4F3E0D3-C995-4487-B296-5B65E5A55315}.Debug|Mixed Platforms.Build.0 = Debug|Any CPU
		{A4F3E0D3-C995-4487-B296-5B65E5A55315}.Release|Any CPU.ActiveCfg = Release|Any CPU
		{A4F3E0D3-C995-4487-B296-5B65E5A55315}.Release|Any CPU.Build.0 = Release|Any CPU
		{A4F3E0D3-C995-4487-B296-5B65E5A55315}.Release|iPhone.ActiveCfg = Release|Any CPU
		{A4F3E0D3-C995-4487-B296-5B65E5A55315}.Release|iPhone.Build.0 = Release|Any CPU
		{A4F3E0D3-C995-4487-B296-5B65E5A55315}.Release|iPhoneSimulator.ActiveCfg = Release|Any CPU
		{A4F3E0D3-C995-4487-B296-5B65E5A55315}.Release|iPhoneSimulator.Build.0 = Release|Any CPU
		{A4F3E0D3-C995-4487-B296-5B65E5A55315}.Release|Mixed Platforms.ActiveCfg = Release|Any CPU
		{A4F3E0D3-C995-4487-B296-5B65E5A55315}.Release|Mixed Platforms.Build.0 = Release|Any CPU
	EndGlobalSection
	GlobalSection(MonoDevelopProperties) = preSolution
		StartupItem = Itexico.TicTacToe.AndroidOS\Itexico.TicTacToe.AndroidOS.csproj
	EndGlobalSection
	GlobalSection(SolutionProperties) = preSolution
		HideSolutionNode = FALSE
	EndGlobalSection
EndGlobal
